
Microsoft Visual Studio Solution File, Format Version 12.00
# Visual Studio Version 16
VisualStudioVersion = 16.0.29709.97
MinimumVisualStudioVersion = 10.0.40219.1
Project("{FAE04EC0-301F-11D3-BF4B-00C04F79EFBC}") = "P02.Course.Attribute", "P02.Course.Attribute.csproj", "{9EF29DFA-08AD-4FCF-A627-59AE14B5A5B9}"
EndProject
Global
	GlobalSection(SolutionConfigurationPlatforms) = preSolution
		Debug|Any CPU = Debug|Any CPU
		Release|Any CPU = Release|Any CPU
	EndGlobalSection
	GlobalSection(ProjectConfigurationPlatforms) = postSolution
		{9EF29DFA-08AD-4FCF-A627-59AE14B5A5B9}.Debug|Any CPU.ActiveCfg = Debug|Any CPU
		{9EF29DFA-08AD-4FCF-A627-59AE14B5A5B9}.Debug|Any CPU.Build.0 = Debug|Any CPU
		{9EF29DFA-08AD-4FCF-A627-59AE14B5A5B9}.Release|Any CPU.ActiveCfg = Release|Any CPU
		{9EF29DFA-08AD-4FCF-A627-59AE14B5A5B9}.Release|Any CPU.Build.0 = Release|Any CPU
	EndGlobalSection
	GlobalSection(SolutionProperties) = preSolution
		HideSolutionNode = FALSE
	EndGlobalSection
	GlobalSection(ExtensibilityGlobals) = postSolution
		SolutionGuid = {626A24EB-0CCE-4075-B173-370F1D543714}
	EndGlobalSection
EndGlobal
