
Microsoft Visual Studio Solution File, Format Version 12.00
# Visual Studio Version 16
VisualStudioVersion = 16.0.29709.97
MinimumVisualStudioVersion = 10.0.40219.1
Project("{FAE04EC0-301F-11D3-BF4B-00C04F79EFBC}") = "P02.Course.Attribute", "P02.Course.Attribute\P02.Course.Attribute.csproj", "{9EF29DFA-08AD-4FCF-A627-59AE14B5A5B9}"
EndProject
Project("{FAE04EC0-301F-11D3-BF4B-00C04F79EFBC}") = "P03.Course.Delegate", "P03.Course.Delegate\P03.Course.Delegate.csproj", "{BA3ECBE0-28B7-42D9-9BB8-A5F42DA67C17}"
EndProject
Project("{FAE04EC0-301F-11D3-BF4B-00C04F79EFBC}") = "P03.Course.winForm", "P03.Course.winForm\P03.Course.winForm.csproj", "{A367C7A9-DEE5-4BE8-9813-DB56C336C837}"
EndProject
Project("{FAE04EC0-301F-11D3-BF4B-00C04F79EFBC}") = "P04.Course.Lambda", "P04.Course.Lambda\P04.Course.Lambda.csproj", "{A24EF6A4-403B-47A0-A03F-A0F34125AB27}"
EndProject
Project("{FAE04EC0-301F-11D3-BF4B-00C04F79EFBC}") = "P01.Course.Generic", "P01.Course.Generic\P01.Course.Generic.csproj", "{44587CFE-5A96-4E9D-BBD5-B9CA13DEE979}"
EndProject
Project("{FAE04EC0-301F-11D3-BF4B-00C04F79EFBC}") = "P01.Course.Reflection", "P01.Course.Reflection\P01.Course.Reflection.csproj", "{F455BAC8-B782-45F9-B63E-ADE7092F3733}"
EndProject
Project("{FAE04EC0-301F-11D3-BF4B-00C04F79EFBC}") = "P01.Course.DB.Interface", "P01.Course.DB.Interface\P01.Course.DB.Interface.csproj", "{09A405B0-5130-4E29-B048-D78034F979B3}"
EndProject
Project("{FAE04EC0-301F-11D3-BF4B-00C04F79EFBC}") = "P01.Course.DB.MySql", "P01.Course.DB.MySql\P01.Course.DB.MySql.csproj", "{C07BF1E1-3BD6-4E7F-87FD-DD080B7DF1B0}"
EndProject
Project("{FAE04EC0-301F-11D3-BF4B-00C04F79EFBC}") = "P01.Course.DB.Oracle", "P01.Course.DB.Oracle\P01.Course.DB.Oracle.csproj", "{0648C238-9DB2-4441-B566-78FB4DDAD500}"
EndProject
Project("{FAE04EC0-301F-11D3-BF4B-00C04F79EFBC}") = "P01.Course.DB.SqlServer", "P01.Course.DB.SqlServer\P01.Course.DB.SqlServer.csproj", "{A2E3555A-07CC-426D-B91C-9E50769ABF91}"
EndProject
Project("{FAE04EC0-301F-11D3-BF4B-00C04F79EFBC}") = "P01.Course.Model", "P01.Course.Model\P01.Course.Model.csproj", "{7E9FAC53-8EAB-4404-99B7-606F3E3AE178}"
EndProject
Project("{FAE04EC0-301F-11D3-BF4B-00C04F79EFBC}") = "P02.Course.Expression", "P02.Course.Expression\P02.Course.Expression.csproj", "{65A29C71-5219-4FBF-83EE-768D0E5D491C}"
EndProject
Global
	GlobalSection(SolutionConfigurationPlatforms) = preSolution
		Debug|Any CPU = Debug|Any CPU
		Release|Any CPU = Release|Any CPU
	EndGlobalSection
	GlobalSection(ProjectConfigurationPlatforms) = postSolution
		{9EF29DFA-08AD-4FCF-A627-59AE14B5A5B9}.Debug|Any CPU.ActiveCfg = Debug|Any CPU
		{9EF29DFA-08AD-4FCF-A627-59AE14B5A5B9}.Debug|Any CPU.Build.0 = Debug|Any CPU
		{9EF29DFA-08AD-4FCF-A627-59AE14B5A5B9}.Release|Any CPU.ActiveCfg = Release|Any CPU
		{9EF29DFA-08AD-4FCF-A627-59AE14B5A5B9}.Release|Any CPU.Build.0 = Release|Any CPU
		{BA3ECBE0-28B7-42D9-9BB8-A5F42DA67C17}.Debug|Any CPU.ActiveCfg = Debug|Any CPU
		{BA3ECBE0-28B7-42D9-9BB8-A5F42DA67C17}.Debug|Any CPU.Build.0 = Debug|Any CPU
		{BA3ECBE0-28B7-42D9-9BB8-A5F42DA67C17}.Release|Any CPU.ActiveCfg = Release|Any CPU
		{BA3ECBE0-28B7-42D9-9BB8-A5F42DA67C17}.Release|Any CPU.Build.0 = Release|Any CPU
		{A367C7A9-DEE5-4BE8-9813-DB56C336C837}.Debug|Any CPU.ActiveCfg = Debug|Any CPU
		{A367C7A9-DEE5-4BE8-9813-DB56C336C837}.Debug|Any CPU.Build.0 = Debug|Any CPU
		{A367C7A9-DEE5-4BE8-9813-DB56C336C837}.Release|Any CPU.ActiveCfg = Release|Any CPU
		{A367C7A9-DEE5-4BE8-9813-DB56C336C837}.Release|Any CPU.Build.0 = Release|Any CPU
		{A24EF6A4-403B-47A0-A03F-A0F34125AB27}.Debug|Any CPU.ActiveCfg = Debug|Any CPU
		{A24EF6A4-403B-47A0-A03F-A0F34125AB27}.Debug|Any CPU.Build.0 = Debug|Any CPU
		{A24EF6A4-403B-47A0-A03F-A0F34125AB27}.Release|Any CPU.ActiveCfg = Release|Any CPU
		{A24EF6A4-403B-47A0-A03F-A0F34125AB27}.Release|Any CPU.Build.0 = Release|Any CPU
		{44587CFE-5A96-4E9D-BBD5-B9CA13DEE979}.Debug|Any CPU.ActiveCfg = Debug|Any CPU
		{44587CFE-5A96-4E9D-BBD5-B9CA13DEE979}.Debug|Any CPU.Build.0 = Debug|Any CPU
		{44587CFE-5A96-4E9D-BBD5-B9CA13DEE979}.Release|Any CPU.ActiveCfg = Release|Any CPU
		{44587CFE-5A96-4E9D-BBD5-B9CA13DEE979}.Release|Any CPU.Build.0 = Release|Any CPU
		{F455BAC8-B782-45F9-B63E-ADE7092F3733}.Debug|Any CPU.ActiveCfg = Debug|Any CPU
		{F455BAC8-B782-45F9-B63E-ADE7092F3733}.Debug|Any CPU.Build.0 = Debug|Any CPU
		{F455BAC8-B782-45F9-B63E-ADE7092F3733}.Release|Any CPU.ActiveCfg = Release|Any CPU
		{F455BAC8-B782-45F9-B63E-ADE7092F3733}.Release|Any CPU.Build.0 = Release|Any CPU
		{09A405B0-5130-4E29-B048-D78034F979B3}.Debug|Any CPU.ActiveCfg = Debug|Any CPU
		{09A405B0-5130-4E29-B048-D78034F979B3}.Debug|Any CPU.Build.0 = Debug|Any CPU
		{09A405B0-5130-4E29-B048-D78034F979B3}.Release|Any CPU.ActiveCfg = Release|Any CPU
		{09A405B0-5130-4E29-B048-D78034F979B3}.Release|Any CPU.Build.0 = Release|Any CPU
		{C07BF1E1-3BD6-4E7F-87FD-DD080B7DF1B0}.Debug|Any CPU.ActiveCfg = Debug|Any CPU
		{C07BF1E1-3BD6-4E7F-87FD-DD080B7DF1B0}.Debug|Any CPU.Build.0 = Debug|Any CPU
		{C07BF1E1-3BD6-4E7F-87FD-DD080B7DF1B0}.Release|Any CPU.ActiveCfg = Release|Any CPU
		{C07BF1E1-3BD6-4E7F-87FD-DD080B7DF1B0}.Release|Any CPU.Build.0 = Release|Any CPU
		{0648C238-9DB2-4441-B566-78FB4DDAD500}.Debug|Any CPU.ActiveCfg = Debug|Any CPU
		{0648C238-9DB2-4441-B566-78FB4DDAD500}.Debug|Any CPU.Build.0 = Debug|Any CPU
		{0648C238-9DB2-4441-B566-78FB4DDAD500}.Release|Any CPU.ActiveCfg = Release|Any CPU
		{0648C238-9DB2-4441-B566-78FB4DDAD500}.Release|Any CPU.Build.0 = Release|Any CPU
		{A2E3555A-07CC-426D-B91C-9E50769ABF91}.Debug|Any CPU.ActiveCfg = Debug|Any CPU
		{A2E3555A-07CC-426D-B91C-9E50769ABF91}.Debug|Any CPU.Build.0 = Debug|Any CPU
		{A2E3555A-07CC-426D-B91C-9E50769ABF91}.Release|Any CPU.ActiveCfg = Release|Any CPU
		{A2E3555A-07CC-426D-B91C-9E50769ABF91}.Release|Any CPU.Build.0 = Release|Any CPU
		{7E9FAC53-8EAB-4404-99B7-606F3E3AE178}.Debug|Any CPU.ActiveCfg = Debug|Any CPU
		{7E9FAC53-8EAB-4404-99B7-606F3E3AE178}.Debug|Any CPU.Build.0 = Debug|Any CPU
		{7E9FAC53-8EAB-4404-99B7-606F3E3AE178}.Release|Any CPU.ActiveCfg = Release|Any CPU
		{7E9FAC53-8EAB-4404-99B7-606F3E3AE178}.Release|Any CPU.Build.0 = Release|Any CPU
		{65A29C71-5219-4FBF-83EE-768D0E5D491C}.Debug|Any CPU.ActiveCfg = Debug|Any CPU
		{65A29C71-5219-4FBF-83EE-768D0E5D491C}.Debug|Any CPU.Build.0 = Debug|Any CPU
		{65A29C71-5219-4FBF-83EE-768D0E5D491C}.Release|Any CPU.ActiveCfg = Release|Any CPU
		{65A29C71-5219-4FBF-83EE-768D0E5D491C}.Release|Any CPU.Build.0 = Release|Any CPU
	EndGlobalSection
	GlobalSection(SolutionProperties) = preSolution
		HideSolutionNode = FALSE
	EndGlobalSection
	GlobalSection(ExtensibilityGlobals) = postSolution
		SolutionGuid = {626A24EB-0CCE-4075-B173-370F1D543714}
	EndGlobalSection
EndGlobal
