
Microsoft Visual Studio Solution File, Format Version 12.00
# Visual Studio Version 16
VisualStudioVersion = 16.0.29709.97
MinimumVisualStudioVersion = 10.0.40219.1
Project("{FAE04EC0-301F-11D3-BF4B-00C04F79EFBC}") = "P02.Course.Attribute", "P02.Course.Attribute\P02.Course.Attribute.csproj", "{9EF29DFA-08AD-4FCF-A627-59AE14B5A5B9}"
EndProject
Project("{FAE04EC0-301F-11D3-BF4B-00C04F79EFBC}") = "P03.Course.Delegate", "P03.Course.Delegate\P03.Course.Delegate.csproj", "{BA3ECBE0-28B7-42D9-9BB8-A5F42DA67C17}"
EndProject
Project("{FAE04EC0-301F-11D3-BF4B-00C04F79EFBC}") = "P03.Course.winForm", "P03.Course.winForm\P03.Course.winForm.csproj", "{A367C7A9-DEE5-4BE8-9813-DB56C336C837}"
EndProject
Project("{FAE04EC0-301F-11D3-BF4B-00C04F79EFBC}") = "P04.Course.Lambda", "P04.Course.Lambda\P04.Course.Lambda.csproj", "{A24EF6A4-403B-47A0-A03F-A0F34125AB27}"
EndProject
Project("{FAE04EC0-301F-11D3-BF4B-00C04F79EFBC}") = "P01.Course.Generic", "P01.Course.Generic\P01.Course.Generic.csproj", "{44587CFE-5A96-4E9D-BBD5-B9CA13DEE979}"
EndProject
Global
	GlobalSection(SolutionConfigurationPlatforms) = preSolution
		Debug|Any CPU = Debug|Any CPU
		Release|Any CPU = Release|Any CPU
	EndGlobalSection
	GlobalSection(ProjectConfigurationPlatforms) = postSolution
		{9EF29DFA-08AD-4FCF-A627-59AE14B5A5B9}.Debug|Any CPU.ActiveCfg = Debug|Any CPU
		{9EF29DFA-08AD-4FCF-A627-59AE14B5A5B9}.Debug|Any CPU.Build.0 = Debug|Any CPU
		{9EF29DFA-08AD-4FCF-A627-59AE14B5A5B9}.Release|Any CPU.ActiveCfg = Release|Any CPU
		{9EF29DFA-08AD-4FCF-A627-59AE14B5A5B9}.Release|Any CPU.Build.0 = Release|Any CPU
		{BA3ECBE0-28B7-42D9-9BB8-A5F42DA67C17}.Debug|Any CPU.ActiveCfg = Debug|Any CPU
		{BA3ECBE0-28B7-42D9-9BB8-A5F42DA67C17}.Debug|Any CPU.Build.0 = Debug|Any CPU
		{BA3ECBE0-28B7-42D9-9BB8-A5F42DA67C17}.Release|Any CPU.ActiveCfg = Release|Any CPU
		{BA3ECBE0-28B7-42D9-9BB8-A5F42DA67C17}.Release|Any CPU.Build.0 = Release|Any CPU
		{A367C7A9-DEE5-4BE8-9813-DB56C336C837}.Debug|Any CPU.ActiveCfg = Debug|Any CPU
		{A367C7A9-DEE5-4BE8-9813-DB56C336C837}.Debug|Any CPU.Build.0 = Debug|Any CPU
		{A367C7A9-DEE5-4BE8-9813-DB56C336C837}.Release|Any CPU.ActiveCfg = Release|Any CPU
		{A367C7A9-DEE5-4BE8-9813-DB56C336C837}.Release|Any CPU.Build.0 = Release|Any CPU
		{A24EF6A4-403B-47A0-A03F-A0F34125AB27}.Debug|Any CPU.ActiveCfg = Debug|Any CPU
		{A24EF6A4-403B-47A0-A03F-A0F34125AB27}.Debug|Any CPU.Build.0 = Debug|Any CPU
		{A24EF6A4-403B-47A0-A03F-A0F34125AB27}.Release|Any CPU.ActiveCfg = Release|Any CPU
		{A24EF6A4-403B-47A0-A03F-A0F34125AB27}.Release|Any CPU.Build.0 = Release|Any CPU
		{44587CFE-5A96-4E9D-BBD5-B9CA13DEE979}.Debug|Any CPU.ActiveCfg = Debug|Any CPU
		{44587CFE-5A96-4E9D-BBD5-B9CA13DEE979}.Debug|Any CPU.Build.0 = Debug|Any CPU
		{44587CFE-5A96-4E9D-BBD5-B9CA13DEE979}.Release|Any CPU.ActiveCfg = Release|Any CPU
		{44587CFE-5A96-4E9D-BBD5-B9CA13DEE979}.Release|Any CPU.Build.0 = Release|Any CPU
	EndGlobalSection
	GlobalSection(SolutionProperties) = preSolution
		HideSolutionNode = FALSE
	EndGlobalSection
	GlobalSection(ExtensibilityGlobals) = postSolution
		SolutionGuid = {626A24EB-0CCE-4075-B173-370F1D543714}
	EndGlobalSection
EndGlobal
